
Microsoft Visual Studio Solution File, Format Version 12.00
# Visual Studio Version 17
VisualStudioVersion = 17.9.34622.214
MinimumVisualStudioVersion = 10.0.40219.1
Project("{FAE04EC0-301F-11D3-BF4B-00C04F79EFBC}") = "csharp-gestore-eventi", "csharp-gestore-eventi\csharp-gestore-eventi.csproj", "{1EBFC7A0-005A-4CB0-BFAF-270A05626062}"
EndProject
Global
	GlobalSection(SolutionConfigurationPlatforms) = preSolution
		Debug|Any CPU = Debug|Any CPU
		Release|Any CPU = Release|Any CPU
	EndGlobalSection
	GlobalSection(ProjectConfigurationPlatforms) = postSolution
		{1EBFC7A0-005A-4CB0-BFAF-270A05626062}.Debug|Any CPU.ActiveCfg = Debug|Any CPU
		{1EBFC7A0-005A-4CB0-BFAF-270A05626062}.Debug|Any CPU.Build.0 = Debug|Any CPU
		{1EBFC7A0-005A-4CB0-BFAF-270A05626062}.Release|Any CPU.ActiveCfg = Release|Any CPU
		{1EBFC7A0-005A-4CB0-BFAF-270A05626062}.Release|Any CPU.Build.0 = Release|Any CPU
	EndGlobalSection
	GlobalSection(SolutionProperties) = preSolution
		HideSolutionNode = FALSE
	EndGlobalSection
	GlobalSection(ExtensibilityGlobals) = postSolution
		SolutionGuid = {C6B049DD-F8C1-4CA6-B699-D635A8F53D5F}
	EndGlobalSection
EndGlobal
